
Microsoft Visual Studio Solution File, Format Version 12.00
# Visual Studio Version 17
VisualStudioVersion = 17.13.35913.81 d17.13
MinimumVisualStudioVersion = 10.0.40219.1
Project("{888888A0-9F3D-457C-B088-3A5042F75D52}") = "ai kod", "ai kod.pyproj", "{3A1C2FC2-8E73-4636-8D1B-6FD415FF8176}"
EndProject
Global
	GlobalSection(SolutionConfigurationPlatforms) = preSolution
		Debug|Any CPU = Debug|Any CPU
		Release|Any CPU = Release|Any CPU
	EndGlobalSection
	GlobalSection(ProjectConfigurationPlatforms) = postSolution
		{3A1C2FC2-8E73-4636-8D1B-6FD415FF8176}.Debug|Any CPU.ActiveCfg = Debug|Any CPU
		{3A1C2FC2-8E73-4636-8D1B-6FD415FF8176}.Release|Any CPU.ActiveCfg = Release|Any CPU
	EndGlobalSection
	GlobalSection(SolutionProperties) = preSolution
		HideSolutionNode = FALSE
	EndGlobalSection
	GlobalSection(ExtensibilityGlobals) = postSolution
		SolutionGuid = {6026981E-DB62-41B3-A347-B88063D3C687}
	EndGlobalSection
EndGlobal
